
Microsoft Visual Studio Solution File, Format Version 11.00
# Visual Studio 2010
Project("{FAE04EC0-301F-11D3-BF4B-00C04F79EFBC}") = "Prob01", "Prob01\Prob01.csproj", "{FA20EDAF-4AAE-425D-952D-1FB6D9FC7C7E}"
EndProject
Project("{FAE04EC0-301F-11D3-BF4B-00C04F79EFBC}") = "Prob02", "Prob02\Prob02.csproj", "{8B5B3C71-C3B6-418E-B577-5C69F95587D5}"
EndProject
Project("{FAE04EC0-301F-11D3-BF4B-00C04F79EFBC}") = "Prob03", "Prob03\Prob03.csproj", "{6E17DE6F-47C9-48CE-A661-4554F5B9BD0C}"
EndProject
Project("{FAE04EC0-301F-11D3-BF4B-00C04F79EFBC}") = "Prob04", "Prob04\Prob04.csproj", "{2335ED7D-C0BD-45AE-BB23-AFE971A46D8F}"
EndProject
Project("{FAE04EC0-301F-11D3-BF4B-00C04F79EFBC}") = "Prob05", "Prob05\Prob05.csproj", "{F27EC97B-3A0C-456C-9FC7-B2BA6079E5D4}"
EndProject
Project("{FAE04EC0-301F-11D3-BF4B-00C04F79EFBC}") = "Prob06", "Prob06\Prob06.csproj", "{1CE26BD5-C31B-417A-9FFC-EEDFA671E4FA}"
EndProject
Project("{FAE04EC0-301F-11D3-BF4B-00C04F79EFBC}") = "Prob07", "Prob07\Prob07.csproj", "{1F883878-6055-4F3B-B4A3-8317AB59BDAE}"
EndProject
Project("{FAE04EC0-301F-11D3-BF4B-00C04F79EFBC}") = "Prob08", "Prob08\Prob08.csproj", "{3A1F77C5-99A0-4AFC-9A69-80A3DE32E100}"
EndProject
Project("{FAE04EC0-301F-11D3-BF4B-00C04F79EFBC}") = "Prob09", "Prob09\Prob09.csproj", "{6F33A83A-2802-4B56-B12C-7BF7DAEB0F8A}"
EndProject
Project("{FAE04EC0-301F-11D3-BF4B-00C04F79EFBC}") = "Prob10", "Prob10\Prob10.csproj", "{D811D839-B294-417E-80F9-66F90EF0A994}"
EndProject
Project("{FAE04EC0-301F-11D3-BF4B-00C04F79EFBC}") = "Prob12", "Prob12\Prob12.csproj", "{F49E8C49-3789-4551-A194-72B2C7FFF3AC}"
EndProject
Project("{FAE04EC0-301F-11D3-BF4B-00C04F79EFBC}") = "Prob18", "Prob18\Prob18.csproj", "{53AAD5D1-B393-4ABB-B355-BEEC45D3C7BA}"
EndProject
Project("{FAE04EC0-301F-11D3-BF4B-00C04F79EFBC}") = "Prob14", "Prob14\Prob14.csproj", "{804EB6A4-5D85-462D-A387-207505F10ADD}"
EndProject
Project("{FAE04EC0-301F-11D3-BF4B-00C04F79EFBC}") = "Prob11", "Prob11\Prob11.csproj", "{ABA29DD8-4A2F-4EA4-B10F-47897E5CA6D9}"
EndProject
Project("{FAE04EC0-301F-11D3-BF4B-00C04F79EFBC}") = "Prob13", "Prob13\Prob13.csproj", "{8E929298-1C22-4293-8B55-41257B58C555}"
EndProject
Project("{FAE04EC0-301F-11D3-BF4B-00C04F79EFBC}") = "Prob15", "Prob15\Prob15.csproj", "{BD4E66A5-7E26-458E-9977-9FDD86D94C60}"
EndProject
Project("{FAE04EC0-301F-11D3-BF4B-00C04F79EFBC}") = "Prob16", "Prob16\Prob16.csproj", "{BFB3874B-6401-446F-88E7-39B15389E20B}"
EndProject
Project("{FAE04EC0-301F-11D3-BF4B-00C04F79EFBC}") = "Prob17", "Prob17\Prob17.csproj", "{058BFB6F-C01B-4188-A687-0870940BC676}"
EndProject
Global
	GlobalSection(SolutionConfigurationPlatforms) = preSolution
		Debug|x86 = Debug|x86
		Release|x86 = Release|x86
	EndGlobalSection
	GlobalSection(ProjectConfigurationPlatforms) = postSolution
		{FA20EDAF-4AAE-425D-952D-1FB6D9FC7C7E}.Debug|x86.ActiveCfg = Debug|x86
		{FA20EDAF-4AAE-425D-952D-1FB6D9FC7C7E}.Debug|x86.Build.0 = Debug|x86
		{FA20EDAF-4AAE-425D-952D-1FB6D9FC7C7E}.Release|x86.ActiveCfg = Release|x86
		{FA20EDAF-4AAE-425D-952D-1FB6D9FC7C7E}.Release|x86.Build.0 = Release|x86
		{8B5B3C71-C3B6-418E-B577-5C69F95587D5}.Debug|x86.ActiveCfg = Debug|x86
		{8B5B3C71-C3B6-418E-B577-5C69F95587D5}.Debug|x86.Build.0 = Debug|x86
		{8B5B3C71-C3B6-418E-B577-5C69F95587D5}.Release|x86.ActiveCfg = Release|x86
		{8B5B3C71-C3B6-418E-B577-5C69F95587D5}.Release|x86.Build.0 = Release|x86
		{6E17DE6F-47C9-48CE-A661-4554F5B9BD0C}.Debug|x86.ActiveCfg = Debug|x86
		{6E17DE6F-47C9-48CE-A661-4554F5B9BD0C}.Debug|x86.Build.0 = Debug|x86
		{6E17DE6F-47C9-48CE-A661-4554F5B9BD0C}.Release|x86.ActiveCfg = Release|x86
		{6E17DE6F-47C9-48CE-A661-4554F5B9BD0C}.Release|x86.Build.0 = Release|x86
		{2335ED7D-C0BD-45AE-BB23-AFE971A46D8F}.Debug|x86.ActiveCfg = Debug|x86
		{2335ED7D-C0BD-45AE-BB23-AFE971A46D8F}.Debug|x86.Build.0 = Debug|x86
		{2335ED7D-C0BD-45AE-BB23-AFE971A46D8F}.Release|x86.ActiveCfg = Release|x86
		{2335ED7D-C0BD-45AE-BB23-AFE971A46D8F}.Release|x86.Build.0 = Release|x86
		{F27EC97B-3A0C-456C-9FC7-B2BA6079E5D4}.Debug|x86.ActiveCfg = Debug|x86
		{F27EC97B-3A0C-456C-9FC7-B2BA6079E5D4}.Debug|x86.Build.0 = Debug|x86
		{F27EC97B-3A0C-456C-9FC7-B2BA6079E5D4}.Release|x86.ActiveCfg = Release|x86
		{F27EC97B-3A0C-456C-9FC7-B2BA6079E5D4}.Release|x86.Build.0 = Release|x86
		{1CE26BD5-C31B-417A-9FFC-EEDFA671E4FA}.Debug|x86.ActiveCfg = Debug|x86
		{1CE26BD5-C31B-417A-9FFC-EEDFA671E4FA}.Debug|x86.Build.0 = Debug|x86
		{1CE26BD5-C31B-417A-9FFC-EEDFA671E4FA}.Release|x86.ActiveCfg = Release|x86
		{1CE26BD5-C31B-417A-9FFC-EEDFA671E4FA}.Release|x86.Build.0 = Release|x86
		{1F883878-6055-4F3B-B4A3-8317AB59BDAE}.Debug|x86.ActiveCfg = Debug|x86
		{1F883878-6055-4F3B-B4A3-8317AB59BDAE}.Debug|x86.Build.0 = Debug|x86
		{1F883878-6055-4F3B-B4A3-8317AB59BDAE}.Release|x86.ActiveCfg = Release|x86
		{1F883878-6055-4F3B-B4A3-8317AB59BDAE}.Release|x86.Build.0 = Release|x86
		{3A1F77C5-99A0-4AFC-9A69-80A3DE32E100}.Debug|x86.ActiveCfg = Debug|x86
		{3A1F77C5-99A0-4AFC-9A69-80A3DE32E100}.Debug|x86.Build.0 = Debug|x86
		{3A1F77C5-99A0-4AFC-9A69-80A3DE32E100}.Release|x86.ActiveCfg = Release|x86
		{3A1F77C5-99A0-4AFC-9A69-80A3DE32E100}.Release|x86.Build.0 = Release|x86
		{6F33A83A-2802-4B56-B12C-7BF7DAEB0F8A}.Debug|x86.ActiveCfg = Debug|x86
		{6F33A83A-2802-4B56-B12C-7BF7DAEB0F8A}.Debug|x86.Build.0 = Debug|x86
		{6F33A83A-2802-4B56-B12C-7BF7DAEB0F8A}.Release|x86.ActiveCfg = Release|x86
		{6F33A83A-2802-4B56-B12C-7BF7DAEB0F8A}.Release|x86.Build.0 = Release|x86
		{D811D839-B294-417E-80F9-66F90EF0A994}.Debug|x86.ActiveCfg = Debug|x86
		{D811D839-B294-417E-80F9-66F90EF0A994}.Debug|x86.Build.0 = Debug|x86
		{D811D839-B294-417E-80F9-66F90EF0A994}.Release|x86.ActiveCfg = Release|x86
		{D811D839-B294-417E-80F9-66F90EF0A994}.Release|x86.Build.0 = Release|x86
		{F49E8C49-3789-4551-A194-72B2C7FFF3AC}.Debug|x86.ActiveCfg = Debug|x86
		{F49E8C49-3789-4551-A194-72B2C7FFF3AC}.Debug|x86.Build.0 = Debug|x86
		{F49E8C49-3789-4551-A194-72B2C7FFF3AC}.Release|x86.ActiveCfg = Release|x86
		{F49E8C49-3789-4551-A194-72B2C7FFF3AC}.Release|x86.Build.0 = Release|x86
		{53AAD5D1-B393-4ABB-B355-BEEC45D3C7BA}.Debug|x86.ActiveCfg = Debug|x86
		{53AAD5D1-B393-4ABB-B355-BEEC45D3C7BA}.Debug|x86.Build.0 = Debug|x86
		{53AAD5D1-B393-4ABB-B355-BEEC45D3C7BA}.Release|x86.ActiveCfg = Release|x86
		{53AAD5D1-B393-4ABB-B355-BEEC45D3C7BA}.Release|x86.Build.0 = Release|x86
		{804EB6A4-5D85-462D-A387-207505F10ADD}.Debug|x86.ActiveCfg = Debug|x86
		{804EB6A4-5D85-462D-A387-207505F10ADD}.Debug|x86.Build.0 = Debug|x86
		{804EB6A4-5D85-462D-A387-207505F10ADD}.Release|x86.ActiveCfg = Release|x86
		{804EB6A4-5D85-462D-A387-207505F10ADD}.Release|x86.Build.0 = Release|x86
		{ABA29DD8-4A2F-4EA4-B10F-47897E5CA6D9}.Debug|x86.ActiveCfg = Debug|x86
		{ABA29DD8-4A2F-4EA4-B10F-47897E5CA6D9}.Debug|x86.Build.0 = Debug|x86
		{ABA29DD8-4A2F-4EA4-B10F-47897E5CA6D9}.Release|x86.ActiveCfg = Release|x86
		{ABA29DD8-4A2F-4EA4-B10F-47897E5CA6D9}.Release|x86.Build.0 = Release|x86
		{8E929298-1C22-4293-8B55-41257B58C555}.Debug|x86.ActiveCfg = Debug|x86
		{8E929298-1C22-4293-8B55-41257B58C555}.Debug|x86.Build.0 = Debug|x86
		{8E929298-1C22-4293-8B55-41257B58C555}.Release|x86.ActiveCfg = Release|x86
		{8E929298-1C22-4293-8B55-41257B58C555}.Release|x86.Build.0 = Release|x86
		{BD4E66A5-7E26-458E-9977-9FDD86D94C60}.Debug|x86.ActiveCfg = Debug|x86
		{BD4E66A5-7E26-458E-9977-9FDD86D94C60}.Debug|x86.Build.0 = Debug|x86
		{BD4E66A5-7E26-458E-9977-9FDD86D94C60}.Release|x86.ActiveCfg = Release|x86
		{BD4E66A5-7E26-458E-9977-9FDD86D94C60}.Release|x86.Build.0 = Release|x86
		{BFB3874B-6401-446F-88E7-39B15389E20B}.Debug|x86.ActiveCfg = Debug|x86
		{BFB3874B-6401-446F-88E7-39B15389E20B}.Debug|x86.Build.0 = Debug|x86
		{BFB3874B-6401-446F-88E7-39B15389E20B}.Release|x86.ActiveCfg = Release|x86
		{BFB3874B-6401-446F-88E7-39B15389E20B}.Release|x86.Build.0 = Release|x86
		{058BFB6F-C01B-4188-A687-0870940BC676}.Debug|x86.ActiveCfg = Debug|x86
		{058BFB6F-C01B-4188-A687-0870940BC676}.Debug|x86.Build.0 = Debug|x86
		{058BFB6F-C01B-4188-A687-0870940BC676}.Release|x86.ActiveCfg = Release|x86
		{058BFB6F-C01B-4188-A687-0870940BC676}.Release|x86.Build.0 = Release|x86
	EndGlobalSection
	GlobalSection(SolutionProperties) = preSolution
		HideSolutionNode = FALSE
	EndGlobalSection
EndGlobal
